{
  "originHash" : "ff485a579a07dd9ad3031470bb465e60c50c6a2fac42d7566e12cd670c0a8bc9",
  "pins" : [
    {
      "identity" : "charts",
      "kind" : "remoteSourceControl",
      "location" : "https://github.com/ChartsOrg/Charts.git",
      "state" : {
        "revision" : "dd9c72e3d7e751e769971092a6bd72d39198ae63",
        "version" : "5.1.0"
      }
    },
    {
      "identity" : "kingfisher",
      "kind" : "remoteSourceControl",
      "location" : "https://github.com/onevcat/Kingfisher.git",
      "state" : {
        "revision" : "5be9bf59061d0da52d89f5eebc22eb295fbbceee",
        "version" : "5.15.7"
      }
    }
  ],
  "version" : 3
}
