// !$*UTF8*$!
{
	archiveVersion = 1;
	classes = {
	};
	objectVersion = 70;
	objects = {

/* Begin PBXBuildFile section */
		1201FD70255F6F330097EACD /* Kingfisher in Frameworks */ = {isa = PBXBuildFile; productRef = 1201FD6F255F6F330097EACD /* Kingfisher */; };
		1241444F255F68F000966F10 /* StockyyyUITests.swift in Sources */ = {isa = PBXBuildFile; fileRef = 1241444E255F68F000966F10 /* StockyyyUITests.swift */; };
		574E75FA2E103C030073ECBD /* DGCharts in Frameworks */ = {isa = PBXBuildFile; productRef = 574E75F92E103C030073ECBD /* DGCharts */; };
/* End PBXBuildFile section */

/* Begin PBXContainerItemProxy section */
		12414440255F68EF00966F10 /* PBXContainerItemProxy */ = {
			isa = PBXContainerItemProxy;
			containerPortal = 12414421255F68EF00966F10 /* Project object */;
			proxyType = 1;
			remoteGlobalIDString = 12414428255F68EF00966F10;
			remoteInfo = Stockyyy;
		};
		1241444B255F68F000966F10 /* PBXContainerItemProxy */ = {
			isa = PBXContainerItemProxy;
			containerPortal = 12414421255F68EF00966F10 /* Project object */;
			proxyType = 1;
			remoteGlobalIDString = 12414428255F68EF00966F10;
			remoteInfo = Stockyyy;
		};
/* End PBXContainerItemProxy section */

/* Begin PBXFileReference section */
		12414429255F68EF00966F10 /* Stockyyy.app */ = {isa = PBXFileReference; explicitFileType = wrapper.application; includeInIndex = 0; path = Stockyyy.app; sourceTree = BUILT_PRODUCTS_DIR; };
		1241443F255F68EF00966F10 /* StockyyyTests.xctest */ = {isa = PBXFileReference; explicitFileType = wrapper.cfbundle; includeInIndex = 0; path = StockyyyTests.xctest; sourceTree = BUILT_PRODUCTS_DIR; };
		1241444A255F68F000966F10 /* StockyyyUITests.xctest */ = {isa = PBXFileReference; explicitFileType = wrapper.cfbundle; includeInIndex = 0; path = StockyyyUITests.xctest; sourceTree = BUILT_PRODUCTS_DIR; };
		1241444E255F68F000966F10 /* StockyyyUITests.swift */ = {isa = PBXFileReference; lastKnownFileType = sourcecode.swift; path = StockyyyUITests.swift; sourceTree = "<group>"; };
		12414450255F68F000966F10 /* Info.plist */ = {isa = PBXFileReference; lastKnownFileType = text.plist.xml; path = Info.plist; sourceTree = "<group>"; };
/* End PBXFileReference section */

/* Begin PBXFileSystemSynchronizedBuildFileExceptionSet section */
		574E76082E1048B30073ECBD /* PBXFileSystemSynchronizedBuildFileExceptionSet */ = {
			isa = PBXFileSystemSynchronizedBuildFileExceptionSet;
			membershipExceptions = (
				Info.plist,
			);
			target = 1241443E255F68EF00966F10 /* StockyyyTests */;
		};
		574E766F2E1048F90073ECBD /* PBXFileSystemSynchronizedBuildFileExceptionSet */ = {
			isa = PBXFileSystemSynchronizedBuildFileExceptionSet;
			membershipExceptions = (
				Info.plist,
			);
			target = 12414428255F68EF00966F10 /* Stockyyy */;
		};
/* End PBXFileSystemSynchronizedBuildFileExceptionSet section */

/* Begin PBXFileSystemSynchronizedRootGroup section */
		574E76022E1048B30073ECBD /* StockyyyTests */ = {isa = PBXFileSystemSynchronizedRootGroup; exceptions = (574E76082E1048B30073ECBD /* PBXFileSystemSynchronizedBuildFileExceptionSet */, ); explicitFileTypes = {}; explicitFolders = (); path = StockyyyTests; sourceTree = "<group>"; };
		574E76572E1048F90073ECBD /* Stockyyy */ = {isa = PBXFileSystemSynchronizedRootGroup; exceptions = (574E766F2E1048F90073ECBD /* PBXFileSystemSynchronizedBuildFileExceptionSet */, ); explicitFileTypes = {}; explicitFolders = (); path = Stockyyy; sourceTree = "<group>"; };
/* End PBXFileSystemSynchronizedRootGroup section */

/* Begin PBXFrameworksBuildPhase section */
		12414426255F68EF00966F10 /* Frameworks */ = {
			isa = PBXFrameworksBuildPhase;
			buildActionMask = 2147483647;
			files = (
				574E75FA2E103C030073ECBD /* DGCharts in Frameworks */,
				1201FD70255F6F330097EACD /* Kingfisher in Frameworks */,
			);
			runOnlyForDeploymentPostprocessing = 0;
		};
		1241443C255F68EF00966F10 /* Frameworks */ = {
			isa = PBXFrameworksBuildPhase;
			buildActionMask = 2147483647;
			files = (
			);
			runOnlyForDeploymentPostprocessing = 0;
		};
		12414447255F68F000966F10 /* Frameworks */ = {
			isa = PBXFrameworksBuildPhase;
			buildActionMask = 2147483647;
			files = (
			);
			runOnlyForDeploymentPostprocessing = 0;
		};
/* End PBXFrameworksBuildPhase section */

/* Begin PBXGroup section */
		12414420255F68EF00966F10 = {
			isa = PBXGroup;
			children = (
				574E76572E1048F90073ECBD /* Stockyyy */,
				574E76022E1048B30073ECBD /* StockyyyTests */,
				1241444D255F68F000966F10 /* StockyyyUITests */,
				1241442A255F68EF00966F10 /* Products */,
			);
			sourceTree = "<group>";
		};
		1241442A255F68EF00966F10 /* Products */ = {
			isa = PBXGroup;
			children = (
				12414429255F68EF00966F10 /* Stockyyy.app */,
				1241443F255F68EF00966F10 /* StockyyyTests.xctest */,
				1241444A255F68F000966F10 /* StockyyyUITests.xctest */,
			);
			name = Products;
			sourceTree = "<group>";
		};
		1241444D255F68F000966F10 /* StockyyyUITests */ = {
			isa = PBXGroup;
			children = (
				1241444E255F68F000966F10 /* StockyyyUITests.swift */,
				12414450255F68F000966F10 /* Info.plist */,
			);
			path = StockyyyUITests;
			sourceTree = "<group>";
		};
/* End PBXGroup section */

/* Begin PBXNativeTarget section */
		12414428255F68EF00966F10 /* Stockyyy */ = {
			isa = PBXNativeTarget;
			buildConfigurationList = 12414453255F68F000966F10 /* Build configuration list for PBXNativeTarget "Stockyyy" */;
			buildPhases = (
				12414425255F68EF00966F10 /* Sources */,
				12414426255F68EF00966F10 /* Frameworks */,
				12414427255F68EF00966F10 /* Resources */,
			);
			buildRules = (
			);
			dependencies = (
			);
			fileSystemSynchronizedGroups = (
				574E76572E1048F90073ECBD /* Stockyyy */,
			);
			name = Stockyyy;
			packageProductDependencies = (
				1201FD6F255F6F330097EACD /* Kingfisher */,
				574E75F92E103C030073ECBD /* DGCharts */,
			);
			productName = Stockyyy;
			productReference = 12414429255F68EF00966F10 /* Stockyyy.app */;
			productType = "com.apple.product-type.application";
		};
		1241443E255F68EF00966F10 /* StockyyyTests */ = {
			isa = PBXNativeTarget;
			buildConfigurationList = 12414456255F68F000966F10 /* Build configuration list for PBXNativeTarget "StockyyyTests" */;
			buildPhases = (
				1241443B255F68EF00966F10 /* Sources */,
				1241443C255F68EF00966F10 /* Frameworks */,
				1241443D255F68EF00966F10 /* Resources */,
			);
			buildRules = (
			);
			dependencies = (
				12414441255F68EF00966F10 /* PBXTargetDependency */,
			);
			fileSystemSynchronizedGroups = (
				574E76022E1048B30073ECBD /* StockyyyTests */,
			);
			name = StockyyyTests;
			productName = StockyyyTests;
			productReference = 1241443F255F68EF00966F10 /* StockyyyTests.xctest */;
			productType = "com.apple.product-type.bundle.unit-test";
		};
		12414449255F68F000966F10 /* StockyyyUITests */ = {
			isa = PBXNativeTarget;
			buildConfigurationList = 12414459255F68F000966F10 /* Build configuration list for PBXNativeTarget "StockyyyUITests" */;
			buildPhases = (
				12414446255F68F000966F10 /* Sources */,
				12414447255F68F000966F10 /* Frameworks */,
				12414448255F68F000966F10 /* Resources */,
			);
			buildRules = (
			);
			dependencies = (
				1241444C255F68F000966F10 /* PBXTargetDependency */,
			);
			name = StockyyyUITests;
			productName = StockyyyUITests;
			productReference = 1241444A255F68F000966F10 /* StockyyyUITests.xctest */;
			productType = "com.apple.product-type.bundle.ui-testing";
		};
/* End PBXNativeTarget section */

/* Begin PBXProject section */
		12414421255F68EF00966F10 /* Project object */ = {
			isa = PBXProject;
			attributes = {
				BuildIndependentTargetsInParallel = YES;
				LastSwiftUpdateCheck = 1210;
				LastUpgradeCheck = 1640;
				TargetAttributes = {
					12414428255F68EF00966F10 = {
						CreatedOnToolsVersion = 12.1;
					};
					1241443E255F68EF00966F10 = {
						CreatedOnToolsVersion = 12.1;
						TestTargetID = 12414428255F68EF00966F10;
					};
					12414449255F68F000966F10 = {
						CreatedOnToolsVersion = 12.1;
						TestTargetID = 12414428255F68EF00966F10;
					};
				};
			};
			buildConfigurationList = 12414424255F68EF00966F10 /* Build configuration list for PBXProject "Stockyyy" */;
			compatibilityVersion = "Xcode 9.3";
			developmentRegion = en;
			hasScannedForEncodings = 0;
			knownRegions = (
				en,
				Base,
			);
			mainGroup = 12414420255F68EF00966F10;
			packageReferences = (
				1201FD6E255F6F330097EACD /* XCRemoteSwiftPackageReference "Kingfisher" */,
				574E75F82E103C030073ECBD /* XCRemoteSwiftPackageReference "Charts" */,
			);
			productRefGroup = 1241442A255F68EF00966F10 /* Products */;
			projectDirPath = "";
			projectRoot = "";
			targets = (
				12414428255F68EF00966F10 /* Stockyyy */,
				1241443E255F68EF00966F10 /* StockyyyTests */,
				12414449255F68F000966F10 /* StockyyyUITests */,
			);
		};
/* End PBXProject section */

/* Begin PBXResourcesBuildPhase section */
		12414427255F68EF00966F10 /* Resources */ = {
			isa = PBXResourcesBuildPhase;
			buildActionMask = 2147483647;
			files = (
			);
			runOnlyForDeploymentPostprocessing = 0;
		};
		1241443D255F68EF00966F10 /* Resources */ = {
			isa = PBXResourcesBuildPhase;
			buildActionMask = 2147483647;
			files = (
			);
			runOnlyForDeploymentPostprocessing = 0;
		};
		12414448255F68F000966F10 /* Resources */ = {
			isa = PBXResourcesBuildPhase;
			buildActionMask = 2147483647;
			files = (
			);
			runOnlyForDeploymentPostprocessing = 0;
		};
/* End PBXResourcesBuildPhase section */

/* Begin PBXSourcesBuildPhase section */
		12414425255F68EF00966F10 /* Sources */ = {
			isa = PBXSourcesBuildPhase;
			buildActionMask = 2147483647;
			files = (
			);
			runOnlyForDeploymentPostprocessing = 0;
		};
		1241443B255F68EF00966F10 /* Sources */ = {
			isa = PBXSourcesBuildPhase;
			buildActionMask = 2147483647;
			files = (
			);
			runOnlyForDeploymentPostprocessing = 0;
		};
		12414446255F68F000966F10 /* Sources */ = {
			isa = PBXSourcesBuildPhase;
			buildActionMask = 2147483647;
			files = (
				1241444F255F68F000966F10 /* StockyyyUITests.swift in Sources */,
			);
			runOnlyForDeploymentPostprocessing = 0;
		};
/* End PBXSourcesBuildPhase section */

/* Begin PBXTargetDependency section */
		12414441255F68EF00966F10 /* PBXTargetDependency */ = {
			isa = PBXTargetDependency;
			target = 12414428255F68EF00966F10 /* Stockyyy */;
			targetProxy = 12414440255F68EF00966F10 /* PBXContainerItemProxy */;
		};
		1241444C255F68F000966F10 /* PBXTargetDependency */ = {
			isa = PBXTargetDependency;
			target = 12414428255F68EF00966F10 /* Stockyyy */;
			targetProxy = 1241444B255F68F000966F10 /* PBXContainerItemProxy */;
		};
/* End PBXTargetDependency section */

/* Begin XCBuildConfiguration section */
		12414451255F68F000966F10 /* Debug */ = {
			isa = XCBuildConfiguration;
			buildSettings = {
				ALWAYS_SEARCH_USER_PATHS = NO;
				CLANG_ANALYZER_NONNULL = YES;
				CLANG_ANALYZER_NUMBER_OBJECT_CONVERSION = YES_AGGRESSIVE;
				CLANG_CXX_LANGUAGE_STANDARD = "gnu++14";
				CLANG_CXX_LIBRARY = "libc++";
				CLANG_ENABLE_MODULES = YES;
				CLANG_ENABLE_OBJC_ARC = YES;
				CLANG_ENABLE_OBJC_WEAK = YES;
				CLANG_WARN_BLOCK_CAPTURE_AUTORELEASING = YES;
				CLANG_WARN_BOOL_CONVERSION = YES;
				CLANG_WARN_COMMA = YES;
				CLANG_WARN_CONSTANT_CONVERSION = YES;
				CLANG_WARN_DEPRECATED_OBJC_IMPLEMENTATIONS = YES;
				CLANG_WARN_DIRECT_OBJC_ISA_USAGE = YES_ERROR;
				CLANG_WARN_DOCUMENTATION_COMMENTS = YES;
				CLANG_WARN_EMPTY_BODY = YES;
				CLANG_WARN_ENUM_CONVERSION = YES;
				CLANG_WARN_INFINITE_RECURSION = YES;
				CLANG_WARN_INT_CONVERSION = YES;
				CLANG_WARN_NON_LITERAL_NULL_CONVERSION = YES;
				CLANG_WARN_OBJC_IMPLICIT_RETAIN_SELF = YES;
				CLANG_WARN_OBJC_LITERAL_CONVERSION = YES;
				CLANG_WARN_OBJC_ROOT_CLASS = YES_ERROR;
				CLANG_WARN_QUOTED_INCLUDE_IN_FRAMEWORK_HEADER = YES;
				CLANG_WARN_RANGE_LOOP_ANALYSIS = YES;
				CLANG_WARN_STRICT_PROTOTYPES = YES;
				CLANG_WARN_SUSPICIOUS_MOVE = YES;
				CLANG_WARN_UNGUARDED_AVAILABILITY = YES_AGGRESSIVE;
				CLANG_WARN_UNREACHABLE_CODE = YES;
				CLANG_WARN__DUPLICATE_METHOD_MATCH = YES;
				COPY_PHASE_STRIP = NO;
				DEBUG_INFORMATION_FORMAT = dwarf;
				DEVELOPMENT_TEAM = C66Y3DM74C;
				ENABLE_STRICT_OBJC_MSGSEND = YES;
				ENABLE_TESTABILITY = YES;
				ENABLE_USER_SCRIPT_SANDBOXING = YES;
				GCC_C_LANGUAGE_STANDARD = gnu11;
				GCC_DYNAMIC_NO_PIC = NO;
				GCC_NO_COMMON_BLOCKS = YES;
				GCC_OPTIMIZATION_LEVEL = 0;
				GCC_PREPROCESSOR_DEFINITIONS = (
					"DEBUG=1",
					"$(inherited)",
				);
				GCC_WARN_64_TO_32_BIT_CONVERSION = YES;
				GCC_WARN_ABOUT_RETURN_TYPE = YES_ERROR;
				GCC_WARN_UNDECLARED_SELECTOR = YES;
				GCC_WARN_UNINITIALIZED_AUTOS = YES_AGGRESSIVE;
				GCC_WARN_UNUSED_FUNCTION = YES;
				GCC_WARN_UNUSED_VARIABLE = YES;
				IPHONEOS_DEPLOYMENT_TARGET = 14.1;
				MTL_ENABLE_DEBUG_INFO = INCLUDE_SOURCE;
				MTL_FAST_MATH = YES;
				ONLY_ACTIVE_ARCH = YES;
				SDKROOT = iphoneos;
				SWIFT_ACTIVE_COMPILATION_CONDITIONS = DEBUG;
				SWIFT_OPTIMIZATION_LEVEL = "-Onone";
			};
			name = Debug;
		};
		12414452255F68F000966F10 /* Release */ = {
			isa = XCBuildConfiguration;
			buildSettings = {
				ALWAYS_SEARCH_USER_PATHS = NO;
				CLANG_ANALYZER_NONNULL = YES;
				CLANG_ANALYZER_NUMBER_OBJECT_CONVERSION = YES_AGGRESSIVE;
				CLANG_CXX_LANGUAGE_STANDARD = "gnu++14";
				CLANG_CXX_LIBRARY = "libc++";
				CLANG_ENABLE_MODULES = YES;
				CLANG_ENABLE_OBJC_ARC = YES;
				CLANG_ENABLE_OBJC_WEAK = YES;
				CLANG_WARN_BLOCK_CAPTURE_AUTORELEASING = YES;
				CLANG_WARN_BOOL_CONVERSION = YES;
				CLANG_WARN_COMMA = YES;
				CLANG_WARN_CONSTANT_CONVERSION = YES;
				CLANG_WARN_DEPRECATED_OBJC_IMPLEMENTATIONS = YES;
				CLANG_WARN_DIRECT_OBJC_ISA_USAGE = YES_ERROR;
				CLANG_WARN_DOCUMENTATION_COMMENTS = YES;
				CLANG_WARN_EMPTY_BODY = YES;
				CLANG_WARN_ENUM_CONVERSION = YES;
				CLANG_WARN_INFINITE_RECURSION = YES;
				CLANG_WARN_INT_CONVERSION = YES;
				CLANG_WARN_NON_LITERAL_NULL_CONVERSION = YES;
				CLANG_WARN_OBJC_IMPLICIT_RETAIN_SELF = YES;
				CLANG_WARN_OBJC_LITERAL_CONVERSION = YES;
				CLANG_WARN_OBJC_ROOT_CLASS = YES_ERROR;
				CLANG_WARN_QUOTED_INCLUDE_IN_FRAMEWORK_HEADER = YES;
				CLANG_WARN_RANGE_LOOP_ANALYSIS = YES;
				CLANG_WARN_STRICT_PROTOTYPES = YES;
				CLANG_WARN_SUSPICIOUS_MOVE = YES;
				CLANG_WARN_UNGUARDED_AVAILABILITY = YES_AGGRESSIVE;
				CLANG_WARN_UNREACHABLE_CODE = YES;
				CLANG_WARN__DUPLICATE_METHOD_MATCH = YES;
				COPY_PHASE_STRIP = NO;
				DEBUG_INFORMATION_FORMAT = "dwarf-with-dsym";
				DEVELOPMENT_TEAM = C66Y3DM74C;
				ENABLE_NS_ASSERTIONS = NO;
				ENABLE_STRICT_OBJC_MSGSEND = YES;
				ENABLE_USER_SCRIPT_SANDBOXING = YES;
				GCC_C_LANGUAGE_STANDARD = gnu11;
				GCC_NO_COMMON_BLOCKS = YES;
				GCC_WARN_64_TO_32_BIT_CONVERSION = YES;
				GCC_WARN_ABOUT_RETURN_TYPE = YES_ERROR;
				GCC_WARN_UNDECLARED_SELECTOR = YES;
				GCC_WARN_UNINITIALIZED_AUTOS = YES_AGGRESSIVE;
				GCC_WARN_UNUSED_FUNCTION = YES;
				GCC_WARN_UNUSED_VARIABLE = YES;
				IPHONEOS_DEPLOYMENT_TARGET = 14.1;
				MTL_ENABLE_DEBUG_INFO = NO;
				MTL_FAST_MATH = YES;
				SDKROOT = iphoneos;
				SWIFT_COMPILATION_MODE = wholemodule;
				SWIFT_OPTIMIZATION_LEVEL = "-O";
				VALIDATE_PRODUCT = YES;
			};
			name = Release;
		};
		12414454255F68F000966F10 /* Debug */ = {
			isa = XCBuildConfiguration;
			buildSettings = {
				ASSETCATALOG_COMPILER_APPICON_NAME = AppIcon;
				ASSETCATALOG_COMPILER_GLOBAL_ACCENT_COLOR_NAME = AccentColor;
				CODE_SIGN_STYLE = Automatic;
				INFOPLIST_FILE = Stockyyy/Info.plist;
				LD_RUNPATH_SEARCH_PATHS = (
					"$(inherited)",
					"@executable_path/Frameworks",
				);
				PRODUCT_BUNDLE_IDENTIFIER = com.joshr.Stockyyy;
				PRODUCT_NAME = "$(TARGET_NAME)";
				SWIFT_VERSION = 5.0;
				TARGETED_DEVICE_FAMILY = "1,2";
			};
			name = Debug;
		};
		12414455255F68F000966F10 /* Release */ = {
			isa = XCBuildConfiguration;
			buildSettings = {
				ASSETCATALOG_COMPILER_APPICON_NAME = AppIcon;
				ASSETCATALOG_COMPILER_GLOBAL_ACCENT_COLOR_NAME = AccentColor;
				CODE_SIGN_STYLE = Automatic;
				INFOPLIST_FILE = Stockyyy/Info.plist;
				LD_RUNPATH_SEARCH_PATHS = (
					"$(inherited)",
					"@executable_path/Frameworks",
				);
				PRODUCT_BUNDLE_IDENTIFIER = com.joshr.Stockyyy;
				PRODUCT_NAME = "$(TARGET_NAME)";
				SWIFT_VERSION = 5.0;
				TARGETED_DEVICE_FAMILY = "1,2";
			};
			name = Release;
		};
		12414457255F68F000966F10 /* Debug */ = {
			isa = XCBuildConfiguration;
			buildSettings = {
				BUNDLE_LOADER = "$(TEST_HOST)";
				CODE_SIGN_STYLE = Automatic;
				INFOPLIST_FILE = StockyyyTests/Info.plist;
				IPHONEOS_DEPLOYMENT_TARGET = 14.1;
				LD_RUNPATH_SEARCH_PATHS = (
					"$(inherited)",
					"@executable_path/Frameworks",
					"@loader_path/Frameworks",
				);
				PRODUCT_BUNDLE_IDENTIFIER = com.joshr.StockyyyTests;
				PRODUCT_NAME = "$(TARGET_NAME)";
				SWIFT_VERSION = 5.0;
				TARGETED_DEVICE_FAMILY = "1,2";
				TEST_HOST = "$(BUILT_PRODUCTS_DIR)/Stockyyy.app/Stockyyy";
			};
			name = Debug;
		};
		12414458255F68F000966F10 /* Release */ = {
			isa = XCBuildConfiguration;
			buildSettings = {
				BUNDLE_LOADER = "$(TEST_HOST)";
				CODE_SIGN_STYLE = Automatic;
				INFOPLIST_FILE = StockyyyTests/Info.plist;
				IPHONEOS_DEPLOYMENT_TARGET = 14.1;
				LD_RUNPATH_SEARCH_PATHS = (
					"$(inherited)",
					"@executable_path/Frameworks",
					"@loader_path/Frameworks",
				);
				PRODUCT_BUNDLE_IDENTIFIER = com.joshr.StockyyyTests;
				PRODUCT_NAME = "$(TARGET_NAME)";
				SWIFT_VERSION = 5.0;
				TARGETED_DEVICE_FAMILY = "1,2";
				TEST_HOST = "$(BUILT_PRODUCTS_DIR)/Stockyyy.app/Stockyyy";
			};
			name = Release;
		};
		1241445A255F68F000966F10 /* Debug */ = {
			isa = XCBuildConfiguration;
			buildSettings = {
				CODE_SIGN_STYLE = Automatic;
				INFOPLIST_FILE = StockyyyUITests/Info.plist;
				LD_RUNPATH_SEARCH_PATHS = (
					"$(inherited)",
					"@executable_path/Frameworks",
					"@loader_path/Frameworks",
				);
				PRODUCT_BUNDLE_IDENTIFIER = com.joshr.StockyyyUITests;
				PRODUCT_NAME = "$(TARGET_NAME)";
				SWIFT_VERSION = 5.0;
				TARGETED_DEVICE_FAMILY = "1,2";
				TEST_TARGET_NAME = Stockyyy;
			};
			name = Debug;
		};
		1241445B255F68F000966F10 /* Release */ = {
			isa = XCBuildConfiguration;
			buildSettings = {
				CODE_SIGN_STYLE = Automatic;
				INFOPLIST_FILE = StockyyyUITests/Info.plist;
				LD_RUNPATH_SEARCH_PATHS = (
					"$(inherited)",
					"@executable_path/Frameworks",
					"@loader_path/Frameworks",
				);
				PRODUCT_BUNDLE_IDENTIFIER = com.joshr.StockyyyUITests;
				PRODUCT_NAME = "$(TARGET_NAME)";
				SWIFT_VERSION = 5.0;
				TARGETED_DEVICE_FAMILY = "1,2";
				TEST_TARGET_NAME = Stockyyy;
			};
			name = Release;
		};
/* End XCBuildConfiguration section */

/* Begin XCConfigurationList section */
		12414424255F68EF00966F10 /* Build configuration list for PBXProject "Stockyyy" */ = {
			isa = XCConfigurationList;
			buildConfigurations = (
				12414451255F68F000966F10 /* Debug */,
				12414452255F68F000966F10 /* Release */,
			);
			defaultConfigurationIsVisible = 0;
			defaultConfigurationName = Release;
		};
		12414453255F68F000966F10 /* Build configuration list for PBXNativeTarget "Stockyyy" */ = {
			isa = XCConfigurationList;
			buildConfigurations = (
				12414454255F68F000966F10 /* Debug */,
				12414455255F68F000966F10 /* Release */,
			);
			defaultConfigurationIsVisible = 0;
			defaultConfigurationName = Release;
		};
		12414456255F68F000966F10 /* Build configuration list for PBXNativeTarget "StockyyyTests" */ = {
			isa = XCConfigurationList;
			buildConfigurations = (
				12414457255F68F000966F10 /* Debug */,
				12414458255F68F000966F10 /* Release */,
			);
			defaultConfigurationIsVisible = 0;
			defaultConfigurationName = Release;
		};
		12414459255F68F000966F10 /* Build configuration list for PBXNativeTarget "StockyyyUITests" */ = {
			isa = XCConfigurationList;
			buildConfigurations = (
				1241445A255F68F000966F10 /* Debug */,
				1241445B255F68F000966F10 /* Release */,
			);
			defaultConfigurationIsVisible = 0;
			defaultConfigurationName = Release;
		};
/* End XCConfigurationList section */

/* Begin XCRemoteSwiftPackageReference section */
		1201FD6E255F6F330097EACD /* XCRemoteSwiftPackageReference "Kingfisher" */ = {
			isa = XCRemoteSwiftPackageReference;
			repositoryURL = "https://github.com/onevcat/Kingfisher.git";
			requirement = {
				kind = exactVersion;
				version = 5.15.7;
			};
		};
		574E75F82E103C030073ECBD /* XCRemoteSwiftPackageReference "Charts" */ = {
			isa = XCRemoteSwiftPackageReference;
			repositoryURL = "https://github.com/ChartsOrg/Charts.git";
			requirement = {
				kind = upToNextMajorVersion;
				minimumVersion = 5.1.0;
			};
		};
/* End XCRemoteSwiftPackageReference section */

/* Begin XCSwiftPackageProductDependency section */
		1201FD6F255F6F330097EACD /* Kingfisher */ = {
			isa = XCSwiftPackageProductDependency;
			package = 1201FD6E255F6F330097EACD /* XCRemoteSwiftPackageReference "Kingfisher" */;
			productName = Kingfisher;
		};
		574E75F92E103C030073ECBD /* DGCharts */ = {
			isa = XCSwiftPackageProductDependency;
			package = 574E75F82E103C030073ECBD /* XCRemoteSwiftPackageReference "Charts" */;
			productName = DGCharts;
		};
/* End XCSwiftPackageProductDependency section */
	};
	rootObject = 12414421255F68EF00966F10 /* Project object */;
}
